
Microsoft Visual Studio Solution File, Format Version 12.00
# Visual Studio Version 17
VisualStudioVersion = 17.12.35527.113 d17.12
MinimumVisualStudioVersion = 10.0.40219.1
Project("{FAE04EC0-301F-11D3-BF4B-00C04F79EFBC}") = "PinterestClone.API", "PinterestClone.API\PinterestClone.API.csproj", "{FEBCBA0F-9D4D-4775-A593-CD1E6B02E810}"
	ProjectSection(ProjectDependencies) = postProject
		{17DACEB5-8B13-4B33-B0B9-9D7430B0902F} = {17DACEB5-8B13-4B33-B0B9-9D7430B0902F}
		{8CD0B6FB-40F3-45DE-B04C-3F2E47BDCD99} = {8CD0B6FB-40F3-45DE-B04C-3F2E47BDCD99}
	EndProjectSection
EndProject
Project("{FAE04EC0-301F-11D3-BF4B-00C04F79EFBC}") = "PinterestClone.BLL", "PinterestClone.BLL\PinterestClone.BLL.csproj", "{17DACEB5-8B13-4B33-B0B9-9D7430B0902F}"
	ProjectSection(ProjectDependencies) = postProject
		{8CD0B6FB-40F3-45DE-B04C-3F2E47BDCD99} = {8CD0B6FB-40F3-45DE-B04C-3F2E47BDCD99}
	EndProjectSection
EndProject
Project("{FAE04EC0-301F-11D3-BF4B-00C04F79EFBC}") = "PinterestClone.DAL", "PinterestClone.DAL\PinterestClone.DAL.csproj", "{8CD0B6FB-40F3-45DE-B04C-3F2E47BDCD99}"
EndProject
Global
	GlobalSection(SolutionConfigurationPlatforms) = preSolution
		Debug|Any CPU = Debug|Any CPU
		Release|Any CPU = Release|Any CPU
	EndGlobalSection
	GlobalSection(ProjectConfigurationPlatforms) = postSolution
		{FEBCBA0F-9D4D-4775-A593-CD1E6B02E810}.Debug|Any CPU.ActiveCfg = Debug|Any CPU
		{FEBCBA0F-9D4D-4775-A593-CD1E6B02E810}.Debug|Any CPU.Build.0 = Debug|Any CPU
		{FEBCBA0F-9D4D-4775-A593-CD1E6B02E810}.Release|Any CPU.ActiveCfg = Release|Any CPU
		{FEBCBA0F-9D4D-4775-A593-CD1E6B02E810}.Release|Any CPU.Build.0 = Release|Any CPU
		{17DACEB5-8B13-4B33-B0B9-9D7430B0902F}.Debug|Any CPU.ActiveCfg = Debug|Any CPU
		{17DACEB5-8B13-4B33-B0B9-9D7430B0902F}.Debug|Any CPU.Build.0 = Debug|Any CPU
		{17DACEB5-8B13-4B33-B0B9-9D7430B0902F}.Release|Any CPU.ActiveCfg = Release|Any CPU
		{17DACEB5-8B13-4B33-B0B9-9D7430B0902F}.Release|Any CPU.Build.0 = Release|Any CPU
		{8CD0B6FB-40F3-45DE-B04C-3F2E47BDCD99}.Debug|Any CPU.ActiveCfg = Debug|Any CPU
		{8CD0B6FB-40F3-45DE-B04C-3F2E47BDCD99}.Debug|Any CPU.Build.0 = Debug|Any CPU
		{8CD0B6FB-40F3-45DE-B04C-3F2E47BDCD99}.Release|Any CPU.ActiveCfg = Release|Any CPU
		{8CD0B6FB-40F3-45DE-B04C-3F2E47BDCD99}.Release|Any CPU.Build.0 = Release|Any CPU
	EndGlobalSection
	GlobalSection(SolutionProperties) = preSolution
		HideSolutionNode = FALSE
	EndGlobalSection
EndGlobal
